
Microsoft Visual Studio Solution File, Format Version 12.00
# Visual Studio 15
VisualStudioVersion = 15.0.27703.2018
MinimumVisualStudioVersion = 10.0.40219.1
Project("{FAE04EC0-301F-11D3-BF4B-00C04F79EFBC}") = "Schedule", "Schedule\Schedule.csproj", "{BFEEFDA4-7C13-4DD9-A922-655483D49F1D}"
EndProject
Global
	GlobalSection(SolutionConfigurationPlatforms) = preSolution
		Debug|Any CPU = Debug|Any CPU
		Release|Any CPU = Release|Any CPU
	EndGlobalSection
	GlobalSection(ProjectConfigurationPlatforms) = postSolution
		{BFEEFDA4-7C13-4DD9-A922-655483D49F1D}.Debug|Any CPU.ActiveCfg = Debug|Any CPU
		{BFEEFDA4-7C13-4DD9-A922-655483D49F1D}.Debug|Any CPU.Build.0 = Debug|Any CPU
		{BFEEFDA4-7C13-4DD9-A922-655483D49F1D}.Release|Any CPU.ActiveCfg = Release|Any CPU
		{BFEEFDA4-7C13-4DD9-A922-655483D49F1D}.Release|Any CPU.Build.0 = Release|Any CPU
	EndGlobalSection
	GlobalSection(SolutionProperties) = preSolution
		HideSolutionNode = FALSE
	EndGlobalSection
	GlobalSection(ExtensibilityGlobals) = postSolution
		SolutionGuid = {5A411E1E-FDFB-47DB-8A60-877B7C66BCB2}
	EndGlobalSection
EndGlobal
